github.com/russross/blackfriday/v2 v2.0.1 h1:lPqVAte+HuHNfhJ/0LC98ESWRz8afy9tM/0RK8m9o+Q=
github.com/russross/blackfriday/v2 v2.0.1/go.mod h1:+Rmxgy9KzJVeS9/2gXHxylqXiyQDYRxCVz55jmeOWTM=
github.com/shurcooL/sanitized_anchor_name v1.0.0 h1:PdmoCO6wvbs+7yrJyMORt4/BmY5IYyJwS/kOiWx8mHo=
github.com/shurcooL/sanitized_anchor_name v1.0.0/go.mod h1:1NzhyTcUVG4SuEtjjoZeVRXNmyL/1OwPU0+IJeTBvfc=
h12.io/cv v0.0.0-20181124220903-66dfd6721900 h1:dMqnhToU4B6eV14MQtZb0dMUofCt9DQi9ow/JYA+Syk=
h12.io/cv v0.0.0-20181124220903-66dfd6721900/go.mod h1:mkDnQetgkbYUJFzPjhuNbOrrm0gUyji1krVeJ36h1Zs=
